
Microsoft Visual Studio Solution File, Format Version 12.00
# Visual Studio Version 17
VisualStudioVersion = 17.0.31903.59
MinimumVisualStudioVersion = 10.0.40219.1
Project("{FAE04EC0-301F-11D3-BF4B-00C04F79EFBC}") = "DI", "DI\DI.csproj", "{984F643C-420E-4AA6-8C03-0695B9396E08}"
EndProject
Project("{FAE04EC0-301F-11D3-BF4B-00C04F79EFBC}") = "Domain", "Domain\Domain.csproj", "{0CF9CCC5-89B1-4D49-BBB2-A9F97BED5CF0}"
EndProject
Project("{FAE04EC0-301F-11D3-BF4B-00C04F79EFBC}") = "Data", "Data\Data.csproj", "{2967A1B1-1F35-45D6-8FE6-03F31FE21B84}"
EndProject
Project("{FAE04EC0-301F-11D3-BF4B-00C04F79EFBC}") = "Service", "Service\Service.csproj", "{B253081F-D4C4-4029-ACAD-59280744551C}"
EndProject
Project("{FAE04EC0-301F-11D3-BF4B-00C04F79EFBC}") = "WFDataPanel", "WFDataPanel\WFDataPanel.csproj", "{015C89AE-9324-4A82-AAA1-9BFCBCDE5E3A}"
EndProject
Global
	GlobalSection(SolutionConfigurationPlatforms) = preSolution
		Debug|Any CPU = Debug|Any CPU
		Release|Any CPU = Release|Any CPU
	EndGlobalSection
	GlobalSection(ProjectConfigurationPlatforms) = postSolution
		{984F643C-420E-4AA6-8C03-0695B9396E08}.Debug|Any CPU.ActiveCfg = Debug|Any CPU
		{984F643C-420E-4AA6-8C03-0695B9396E08}.Debug|Any CPU.Build.0 = Debug|Any CPU
		{984F643C-420E-4AA6-8C03-0695B9396E08}.Release|Any CPU.ActiveCfg = Release|Any CPU
		{984F643C-420E-4AA6-8C03-0695B9396E08}.Release|Any CPU.Build.0 = Release|Any CPU
		{0CF9CCC5-89B1-4D49-BBB2-A9F97BED5CF0}.Debug|Any CPU.ActiveCfg = Debug|Any CPU
		{0CF9CCC5-89B1-4D49-BBB2-A9F97BED5CF0}.Debug|Any CPU.Build.0 = Debug|Any CPU
		{0CF9CCC5-89B1-4D49-BBB2-A9F97BED5CF0}.Release|Any CPU.ActiveCfg = Release|Any CPU
		{0CF9CCC5-89B1-4D49-BBB2-A9F97BED5CF0}.Release|Any CPU.Build.0 = Release|Any CPU
		{2967A1B1-1F35-45D6-8FE6-03F31FE21B84}.Debug|Any CPU.ActiveCfg = Debug|Any CPU
		{2967A1B1-1F35-45D6-8FE6-03F31FE21B84}.Debug|Any CPU.Build.0 = Debug|Any CPU
		{2967A1B1-1F35-45D6-8FE6-03F31FE21B84}.Release|Any CPU.ActiveCfg = Release|Any CPU
		{2967A1B1-1F35-45D6-8FE6-03F31FE21B84}.Release|Any CPU.Build.0 = Release|Any CPU
		{B253081F-D4C4-4029-ACAD-59280744551C}.Debug|Any CPU.ActiveCfg = Debug|Any CPU
		{B253081F-D4C4-4029-ACAD-59280744551C}.Debug|Any CPU.Build.0 = Debug|Any CPU
		{B253081F-D4C4-4029-ACAD-59280744551C}.Release|Any CPU.ActiveCfg = Release|Any CPU
		{B253081F-D4C4-4029-ACAD-59280744551C}.Release|Any CPU.Build.0 = Release|Any CPU
		{015C89AE-9324-4A82-AAA1-9BFCBCDE5E3A}.Debug|Any CPU.ActiveCfg = Debug|Any CPU
		{015C89AE-9324-4A82-AAA1-9BFCBCDE5E3A}.Debug|Any CPU.Build.0 = Debug|Any CPU
		{015C89AE-9324-4A82-AAA1-9BFCBCDE5E3A}.Release|Any CPU.ActiveCfg = Release|Any CPU
		{015C89AE-9324-4A82-AAA1-9BFCBCDE5E3A}.Release|Any CPU.Build.0 = Release|Any CPU
	EndGlobalSection
	GlobalSection(SolutionProperties) = preSolution
		HideSolutionNode = FALSE
	EndGlobalSection
	GlobalSection(ExtensibilityGlobals) = postSolution
		SolutionGuid = {01E3FBFA-861E-4A4C-84A8-A2A0E766D709}
	EndGlobalSection
EndGlobal
